
Microsoft Visual Studio Solution File, Format Version 12.00
Project("{FAE04EC0-301F-11D3-BF4B-00C04F79EFBC}") = "CrystalCatalystLibrary.net", "CrystalCatalystLibrary.net\CrystalCatalystLibrary.net.csproj", "{0587A7CC-A345-4A47-AD50-C6FE43F5FA28}"
EndProject
Project("{FAE04EC0-301F-11D3-BF4B-00C04F79EFBC}") = "TestWindow", "TestWindow\TestWindow.csproj", "{57A63E22-73CE-4CB2-8BCD-D7A00201C6DF}"
EndProject
Project("{FAE04EC0-301F-11D3-BF4B-00C04F79EFBC}") = "MessageWindow", "MessageWindow\MessageWindow.csproj", "{E80AA528-238C-4BB4-AB38-CB5C2E3C07FE}"
EndProject
Project("{FAE04EC0-301F-11D3-BF4B-00C04F79EFBC}") = "CrystalSkia.net", "CrystalSkia.net\CrystalSkia.net.csproj", "{FA30E3B9-2368-42ED-BA33-0C4A2DBD8B10}"
EndProject
Project("{FAE04EC0-301F-11D3-BF4B-00C04F79EFBC}") = "SvgIconAnimation", "SvgIconAnimation\SvgIconAnimation.csproj", "{EB9DAD2B-DA2E-42C8-BE05-7C51E317A5A4}"
EndProject
Project("{FAE04EC0-301F-11D3-BF4B-00C04F79EFBC}") = "OpenGLCrystalTest", "OpenGLCrystalTest\OpenGLCrystalTest.csproj", "{60BFD02E-175D-4EE1-8772-DCA32EDA87E5}"
EndProject
Project("{FAE04EC0-301F-11D3-BF4B-00C04F79EFBC}") = "CrystalOpenGL", "CrystalOpenGL\CrystalOpenGL.csproj", "{9E3873A4-B3AF-4CA6-BA42-C71D29385931}"
EndProject
Project("{FAE04EC0-301F-11D3-BF4B-00C04F79EFBC}") = "OpenGLCrystalTest_Texture", "OpenGLCrystalTest_Texture\OpenGLCrystalTest_Texture.csproj", "{0D2018E4-C5C0-4C0D-ABB6-57AF796E594E}"
EndProject
Project("{2150E333-8FDC-42A3-9474-1A3956D46DE8}") = "Solution Items", "Solution Items", "{2C7B2714-4397-4E70-9E0A-99117D8DE4CD}"
	ProjectSection(SolutionItems) = preProject
		Project.md = Project.md
	EndProjectSection
EndProject
Global
	GlobalSection(SolutionConfigurationPlatforms) = preSolution
		Debug|Any CPU = Debug|Any CPU
		Debug|x64 = Debug|x64
		Debug|x86 = Debug|x86
		Release|Any CPU = Release|Any CPU
		Release|x64 = Release|x64
		Release|x86 = Release|x86
	EndGlobalSection
	GlobalSection(ProjectConfigurationPlatforms) = postSolution
		{0587A7CC-A345-4A47-AD50-C6FE43F5FA28}.Debug|Any CPU.ActiveCfg = Debug|Any CPU
		{0587A7CC-A345-4A47-AD50-C6FE43F5FA28}.Debug|Any CPU.Build.0 = Debug|Any CPU
		{0587A7CC-A345-4A47-AD50-C6FE43F5FA28}.Debug|x64.ActiveCfg = Debug|Any CPU
		{0587A7CC-A345-4A47-AD50-C6FE43F5FA28}.Debug|x64.Build.0 = Debug|Any CPU
		{0587A7CC-A345-4A47-AD50-C6FE43F5FA28}.Debug|x86.ActiveCfg = Debug|Any CPU
		{0587A7CC-A345-4A47-AD50-C6FE43F5FA28}.Debug|x86.Build.0 = Debug|Any CPU
		{0587A7CC-A345-4A47-AD50-C6FE43F5FA28}.Release|Any CPU.ActiveCfg = Release|Any CPU
		{0587A7CC-A345-4A47-AD50-C6FE43F5FA28}.Release|Any CPU.Build.0 = Release|Any CPU
		{0587A7CC-A345-4A47-AD50-C6FE43F5FA28}.Release|x64.ActiveCfg = Release|Any CPU
		{0587A7CC-A345-4A47-AD50-C6FE43F5FA28}.Release|x64.Build.0 = Release|Any CPU
		{0587A7CC-A345-4A47-AD50-C6FE43F5FA28}.Release|x86.ActiveCfg = Release|Any CPU
		{0587A7CC-A345-4A47-AD50-C6FE43F5FA28}.Release|x86.Build.0 = Release|Any CPU
		{57A63E22-73CE-4CB2-8BCD-D7A00201C6DF}.Debug|Any CPU.ActiveCfg = Debug|Any CPU
		{57A63E22-73CE-4CB2-8BCD-D7A00201C6DF}.Debug|Any CPU.Build.0 = Debug|Any CPU
		{57A63E22-73CE-4CB2-8BCD-D7A00201C6DF}.Debug|x64.ActiveCfg = Debug|Any CPU
		{57A63E22-73CE-4CB2-8BCD-D7A00201C6DF}.Debug|x64.Build.0 = Debug|Any CPU
		{57A63E22-73CE-4CB2-8BCD-D7A00201C6DF}.Debug|x86.ActiveCfg = Debug|Any CPU
		{57A63E22-73CE-4CB2-8BCD-D7A00201C6DF}.Debug|x86.Build.0 = Debug|Any CPU
		{57A63E22-73CE-4CB2-8BCD-D7A00201C6DF}.Release|Any CPU.ActiveCfg = Release|Any CPU
		{57A63E22-73CE-4CB2-8BCD-D7A00201C6DF}.Release|Any CPU.Build.0 = Release|Any CPU
		{57A63E22-73CE-4CB2-8BCD-D7A00201C6DF}.Release|x64.ActiveCfg = Release|Any CPU
		{57A63E22-73CE-4CB2-8BCD-D7A00201C6DF}.Release|x64.Build.0 = Release|Any CPU
		{57A63E22-73CE-4CB2-8BCD-D7A00201C6DF}.Release|x86.ActiveCfg = Release|Any CPU
		{57A63E22-73CE-4CB2-8BCD-D7A00201C6DF}.Release|x86.Build.0 = Release|Any CPU
		{E80AA528-238C-4BB4-AB38-CB5C2E3C07FE}.Debug|Any CPU.ActiveCfg = Debug|Any CPU
		{E80AA528-238C-4BB4-AB38-CB5C2E3C07FE}.Debug|Any CPU.Build.0 = Debug|Any CPU
		{E80AA528-238C-4BB4-AB38-CB5C2E3C07FE}.Debug|x64.ActiveCfg = Debug|Any CPU
		{E80AA528-238C-4BB4-AB38-CB5C2E3C07FE}.Debug|x64.Build.0 = Debug|Any CPU
		{E80AA528-238C-4BB4-AB38-CB5C2E3C07FE}.Debug|x86.ActiveCfg = Debug|Any CPU
		{E80AA528-238C-4BB4-AB38-CB5C2E3C07FE}.Debug|x86.Build.0 = Debug|Any CPU
		{E80AA528-238C-4BB4-AB38-CB5C2E3C07FE}.Release|Any CPU.ActiveCfg = Release|Any CPU
		{E80AA528-238C-4BB4-AB38-CB5C2E3C07FE}.Release|Any CPU.Build.0 = Release|Any CPU
		{E80AA528-238C-4BB4-AB38-CB5C2E3C07FE}.Release|x64.ActiveCfg = Release|Any CPU
		{E80AA528-238C-4BB4-AB38-CB5C2E3C07FE}.Release|x64.Build.0 = Release|Any CPU
		{E80AA528-238C-4BB4-AB38-CB5C2E3C07FE}.Release|x86.ActiveCfg = Release|Any CPU
		{E80AA528-238C-4BB4-AB38-CB5C2E3C07FE}.Release|x86.Build.0 = Release|Any CPU
		{FA30E3B9-2368-42ED-BA33-0C4A2DBD8B10}.Debug|Any CPU.ActiveCfg = Debug|Any CPU
		{FA30E3B9-2368-42ED-BA33-0C4A2DBD8B10}.Debug|Any CPU.Build.0 = Debug|Any CPU
		{FA30E3B9-2368-42ED-BA33-0C4A2DBD8B10}.Debug|x64.ActiveCfg = Debug|Any CPU
		{FA30E3B9-2368-42ED-BA33-0C4A2DBD8B10}.Debug|x64.Build.0 = Debug|Any CPU
		{FA30E3B9-2368-42ED-BA33-0C4A2DBD8B10}.Debug|x86.ActiveCfg = Debug|Any CPU
		{FA30E3B9-2368-42ED-BA33-0C4A2DBD8B10}.Debug|x86.Build.0 = Debug|Any CPU
		{FA30E3B9-2368-42ED-BA33-0C4A2DBD8B10}.Release|Any CPU.ActiveCfg = Release|Any CPU
		{FA30E3B9-2368-42ED-BA33-0C4A2DBD8B10}.Release|Any CPU.Build.0 = Release|Any CPU
		{FA30E3B9-2368-42ED-BA33-0C4A2DBD8B10}.Release|x64.ActiveCfg = Release|Any CPU
		{FA30E3B9-2368-42ED-BA33-0C4A2DBD8B10}.Release|x64.Build.0 = Release|Any CPU
		{FA30E3B9-2368-42ED-BA33-0C4A2DBD8B10}.Release|x86.ActiveCfg = Release|Any CPU
		{FA30E3B9-2368-42ED-BA33-0C4A2DBD8B10}.Release|x86.Build.0 = Release|Any CPU
		{EB9DAD2B-DA2E-42C8-BE05-7C51E317A5A4}.Debug|Any CPU.ActiveCfg = Debug|Any CPU
		{EB9DAD2B-DA2E-42C8-BE05-7C51E317A5A4}.Debug|Any CPU.Build.0 = Debug|Any CPU
		{EB9DAD2B-DA2E-42C8-BE05-7C51E317A5A4}.Debug|x64.ActiveCfg = Debug|Any CPU
		{EB9DAD2B-DA2E-42C8-BE05-7C51E317A5A4}.Debug|x64.Build.0 = Debug|Any CPU
		{EB9DAD2B-DA2E-42C8-BE05-7C51E317A5A4}.Debug|x86.ActiveCfg = Debug|Any CPU
		{EB9DAD2B-DA2E-42C8-BE05-7C51E317A5A4}.Debug|x86.Build.0 = Debug|Any CPU
		{EB9DAD2B-DA2E-42C8-BE05-7C51E317A5A4}.Release|Any CPU.ActiveCfg = Release|Any CPU
		{EB9DAD2B-DA2E-42C8-BE05-7C51E317A5A4}.Release|Any CPU.Build.0 = Release|Any CPU
		{EB9DAD2B-DA2E-42C8-BE05-7C51E317A5A4}.Release|x64.ActiveCfg = Release|Any CPU
		{EB9DAD2B-DA2E-42C8-BE05-7C51E317A5A4}.Release|x64.Build.0 = Release|Any CPU
		{EB9DAD2B-DA2E-42C8-BE05-7C51E317A5A4}.Release|x86.ActiveCfg = Release|Any CPU
		{EB9DAD2B-DA2E-42C8-BE05-7C51E317A5A4}.Release|x86.Build.0 = Release|Any CPU
		{60BFD02E-175D-4EE1-8772-DCA32EDA87E5}.Debug|Any CPU.ActiveCfg = Debug|Any CPU
		{60BFD02E-175D-4EE1-8772-DCA32EDA87E5}.Debug|Any CPU.Build.0 = Debug|Any CPU
		{60BFD02E-175D-4EE1-8772-DCA32EDA87E5}.Debug|x64.ActiveCfg = Debug|Any CPU
		{60BFD02E-175D-4EE1-8772-DCA32EDA87E5}.Debug|x64.Build.0 = Debug|Any CPU
		{60BFD02E-175D-4EE1-8772-DCA32EDA87E5}.Debug|x86.ActiveCfg = Debug|Any CPU
		{60BFD02E-175D-4EE1-8772-DCA32EDA87E5}.Debug|x86.Build.0 = Debug|Any CPU
		{60BFD02E-175D-4EE1-8772-DCA32EDA87E5}.Release|Any CPU.ActiveCfg = Release|Any CPU
		{60BFD02E-175D-4EE1-8772-DCA32EDA87E5}.Release|Any CPU.Build.0 = Release|Any CPU
		{60BFD02E-175D-4EE1-8772-DCA32EDA87E5}.Release|x64.ActiveCfg = Release|Any CPU
		{60BFD02E-175D-4EE1-8772-DCA32EDA87E5}.Release|x64.Build.0 = Release|Any CPU
		{60BFD02E-175D-4EE1-8772-DCA32EDA87E5}.Release|x86.ActiveCfg = Release|Any CPU
		{60BFD02E-175D-4EE1-8772-DCA32EDA87E5}.Release|x86.Build.0 = Release|Any CPU
		{9E3873A4-B3AF-4CA6-BA42-C71D29385931}.Debug|Any CPU.ActiveCfg = Debug|Any CPU
		{9E3873A4-B3AF-4CA6-BA42-C71D29385931}.Debug|Any CPU.Build.0 = Debug|Any CPU
		{9E3873A4-B3AF-4CA6-BA42-C71D29385931}.Debug|x64.ActiveCfg = Debug|Any CPU
		{9E3873A4-B3AF-4CA6-BA42-C71D29385931}.Debug|x64.Build.0 = Debug|Any CPU
		{9E3873A4-B3AF-4CA6-BA42-C71D29385931}.Debug|x86.ActiveCfg = Debug|Any CPU
		{9E3873A4-B3AF-4CA6-BA42-C71D29385931}.Debug|x86.Build.0 = Debug|Any CPU
		{9E3873A4-B3AF-4CA6-BA42-C71D29385931}.Release|Any CPU.ActiveCfg = Release|Any CPU
		{9E3873A4-B3AF-4CA6-BA42-C71D29385931}.Release|Any CPU.Build.0 = Release|Any CPU
		{9E3873A4-B3AF-4CA6-BA42-C71D29385931}.Release|x64.ActiveCfg = Release|Any CPU
		{9E3873A4-B3AF-4CA6-BA42-C71D29385931}.Release|x64.Build.0 = Release|Any CPU
		{9E3873A4-B3AF-4CA6-BA42-C71D29385931}.Release|x86.ActiveCfg = Release|Any CPU
		{9E3873A4-B3AF-4CA6-BA42-C71D29385931}.Release|x86.Build.0 = Release|Any CPU
		{0D2018E4-C5C0-4C0D-ABB6-57AF796E594E}.Debug|Any CPU.ActiveCfg = Debug|Any CPU
		{0D2018E4-C5C0-4C0D-ABB6-57AF796E594E}.Debug|Any CPU.Build.0 = Debug|Any CPU
		{0D2018E4-C5C0-4C0D-ABB6-57AF796E594E}.Debug|x64.ActiveCfg = Debug|Any CPU
		{0D2018E4-C5C0-4C0D-ABB6-57AF796E594E}.Debug|x64.Build.0 = Debug|Any CPU
		{0D2018E4-C5C0-4C0D-ABB6-57AF796E594E}.Debug|x86.ActiveCfg = Debug|Any CPU
		{0D2018E4-C5C0-4C0D-ABB6-57AF796E594E}.Debug|x86.Build.0 = Debug|Any CPU
		{0D2018E4-C5C0-4C0D-ABB6-57AF796E594E}.Release|Any CPU.ActiveCfg = Release|Any CPU
		{0D2018E4-C5C0-4C0D-ABB6-57AF796E594E}.Release|Any CPU.Build.0 = Release|Any CPU
		{0D2018E4-C5C0-4C0D-ABB6-57AF796E594E}.Release|x64.ActiveCfg = Release|Any CPU
		{0D2018E4-C5C0-4C0D-ABB6-57AF796E594E}.Release|x64.Build.0 = Release|Any CPU
		{0D2018E4-C5C0-4C0D-ABB6-57AF796E594E}.Release|x86.ActiveCfg = Release|Any CPU
		{0D2018E4-C5C0-4C0D-ABB6-57AF796E594E}.Release|x86.Build.0 = Release|Any CPU
	EndGlobalSection
	GlobalSection(SolutionProperties) = preSolution
		HideSolutionNode = FALSE
	EndGlobalSection
EndGlobal
